// !$*UTF8*$!
{
	archiveVersion = 1;
	classes = {
	};
	objectVersion = 55;
	objects = {

/* Begin PBXBuildFile section */
		CE6CE4B1286C7A40006C6DBD /* withApp.swift in Sources */ = {isa = PBXBuildFile; fileRef = CE6CE4B0286C7A40006C6DBD /* withApp.swift */; };
		CE6CE4B3286C7A40006C6DBD /* LaunchingView.swift in Sources */ = {isa = PBXBuildFile; fileRef = CE6CE4B2286C7A40006C6DBD /* LaunchingView.swift */; };
		CE6CE4B5286C7A42006C6DBD /* Assets.xcassets in Resources */ = {isa = PBXBuildFile; fileRef = CE6CE4B4286C7A42006C6DBD /* Assets.xcassets */; };
		CE6CE4B8286C7A42006C6DBD /* Preview Assets.xcassets in Resources */ = {isa = PBXBuildFile; fileRef = CE6CE4B7286C7A42006C6DBD /* Preview Assets.xcassets */; };
		CEC852EE2870485700BD93AC /* RegistrationAndLoginView.swift in Sources */ = {isa = PBXBuildFile; fileRef = CEC852ED2870485600BD93AC /* RegistrationAndLoginView.swift */; };
		CEC852F62871734900BD93AC /* UrlWebView.swift in Sources */ = {isa = PBXBuildFile; fileRef = CEC852F52871734900BD93AC /* UrlWebView.swift */; };
/* End PBXBuildFile section */

/* Begin PBXFileReference section */
		CE6CE4AD286C7A40006C6DBD /* with.app */ = {isa = PBXFileReference; explicitFileType = wrapper.application; includeInIndex = 0; path = with.app; sourceTree = BUILT_PRODUCTS_DIR; };
		CE6CE4B0286C7A40006C6DBD /* withApp.swift */ = {isa = PBXFileReference; lastKnownFileType = sourcecode.swift; path = withApp.swift; sourceTree = "<group>"; };
		CE6CE4B2286C7A40006C6DBD /* LaunchingView.swift */ = {isa = PBXFileReference; lastKnownFileType = sourcecode.swift; path = LaunchingView.swift; sourceTree = "<group>"; };
		CE6CE4B4286C7A42006C6DBD /* Assets.xcassets */ = {isa = PBXFileReference; lastKnownFileType = folder.assetcatalog; path = Assets.xcassets; sourceTree = "<group>"; };
		CE6CE4B7286C7A42006C6DBD /* Preview Assets.xcassets */ = {isa = PBXFileReference; lastKnownFileType = folder.assetcatalog; path = "Preview Assets.xcassets"; sourceTree = "<group>"; };
		CE6CE4BE286C7E1B006C6DBD /* Info.plist */ = {isa = PBXFileReference; lastKnownFileType = text.plist; path = Info.plist; sourceTree = "<group>"; };
		CEC852ED2870485600BD93AC /* RegistrationAndLoginView.swift */ = {isa = PBXFileReference; lastKnownFileType = sourcecode.swift; path = RegistrationAndLoginView.swift; sourceTree = "<group>"; };
		CEC852F52871734900BD93AC /* UrlWebView.swift */ = {isa = PBXFileReference; lastKnownFileType = sourcecode.swift; path = UrlWebView.swift; sourceTree = "<group>"; };
/* End PBXFileReference section */

/* Begin PBXFrameworksBuildPhase section */
		CE6CE4AA286C7A40006C6DBD /* Frameworks */ = {
			isa = PBXFrameworksBuildPhase;
			buildActionMask = 2147483647;
			files = (
			);
			runOnlyForDeploymentPostprocessing = 0;
		};
/* End PBXFrameworksBuildPhase section */

/* Begin PBXGroup section */
		CE6CE4A4286C7A3F006C6DBD = {
			isa = PBXGroup;
			children = (
				CE6CE4AF286C7A40006C6DBD /* with */,
				CE6CE4AE286C7A40006C6DBD /* Products */,
			);
			sourceTree = "<group>";
		};
		CE6CE4AE286C7A40006C6DBD /* Products */ = {
			isa = PBXGroup;
			children = (
				CE6CE4AD286C7A40006C6DBD /* with.app */,
			);
			name = Products;
			sourceTree = "<group>";
		};
		CE6CE4AF286C7A40006C6DBD /* with */ = {
			isa = PBXGroup;
			children = (
				CEC852F4287172BA00BD93AC /* View */,
				CEC852EF287123E800BD93AC /* Model */,
				CE6CE4BE286C7E1B006C6DBD /* Info.plist */,
				CE6CE4B4286C7A42006C6DBD /* Assets.xcassets */,
				CE6CE4B6286C7A42006C6DBD /* Preview Content */,
			);
			path = with;
			sourceTree = "<group>";
		};
		CE6CE4B6286C7A42006C6DBD /* Preview Content */ = {
			isa = PBXGroup;
			children = (
				CE6CE4B7286C7A42006C6DBD /* Preview Assets.xcassets */,
			);
			path = "Preview Content";
			sourceTree = "<group>";
		};
		CEC852EF287123E800BD93AC /* Model */ = {
			isa = PBXGroup;
			children = (
			);
			path = Model;
			sourceTree = "<group>";
		};
		CEC852F4287172BA00BD93AC /* View */ = {
			isa = PBXGroup;
			children = (
				CEC852ED2870485600BD93AC /* RegistrationAndLoginView.swift */,
				CE6CE4B2286C7A40006C6DBD /* LaunchingView.swift */,
				CE6CE4B0286C7A40006C6DBD /* withApp.swift */,
				CEC852F52871734900BD93AC /* UrlWebView.swift */,
			);
			path = View;
			sourceTree = "<group>";
		};
/* End PBXGroup section */

/* Begin PBXNativeTarget section */
		CE6CE4AC286C7A40006C6DBD /* with */ = {
			isa = PBXNativeTarget;
			buildConfigurationList = CE6CE4BB286C7A42006C6DBD /* Build configuration list for PBXNativeTarget "with" */;
			buildPhases = (
				CE6CE4A9286C7A40006C6DBD /* Sources */,
				CE6CE4AA286C7A40006C6DBD /* Frameworks */,
				CE6CE4AB286C7A40006C6DBD /* Resources */,
			);
			buildRules = (
			);
			dependencies = (
			);
			name = with;
			productName = with;
			productReference = CE6CE4AD286C7A40006C6DBD /* with.app */;
			productType = "com.apple.product-type.application";
		};
/* End PBXNativeTarget section */

/* Begin PBXProject section */
		CE6CE4A5286C7A3F006C6DBD /* Project object */ = {
			isa = PBXProject;
			attributes = {
				BuildIndependentTargetsInParallel = 1;
				LastSwiftUpdateCheck = 1320;
				LastUpgradeCheck = 1320;
				TargetAttributes = {
					CE6CE4AC286C7A40006C6DBD = {
						CreatedOnToolsVersion = 13.2.1;
					};
				};
			};
			buildConfigurationList = CE6CE4A8286C7A3F006C6DBD /* Build configuration list for PBXProject "with" */;
			compatibilityVersion = "Xcode 13.0";
			developmentRegion = en;
			hasScannedForEncodings = 0;
			knownRegions = (
				en,
				Base,
			);
			mainGroup = CE6CE4A4286C7A3F006C6DBD;
			productRefGroup = CE6CE4AE286C7A40006C6DBD /* Products */;
			projectDirPath = "";
			projectRoot = "";
			targets = (
				CE6CE4AC286C7A40006C6DBD /* with */,
			);
		};
/* End PBXProject section */

/* Begin PBXResourcesBuildPhase section */
		CE6CE4AB286C7A40006C6DBD /* Resources */ = {
			isa = PBXResourcesBuildPhase;
			buildActionMask = 2147483647;
			files = (
				CE6CE4B8286C7A42006C6DBD /* Preview Assets.xcassets in Resources */,
				CE6CE4B5286C7A42006C6DBD /* Assets.xcassets in Resources */,
			);
			runOnlyForDeploymentPostprocessing = 0;
		};
/* End PBXResourcesBuildPhase section */

/* Begin PBXSourcesBuildPhase section */
		CE6CE4A9286C7A40006C6DBD /* Sources */ = {
			isa = PBXSourcesBuildPhase;
			buildActionMask = 2147483647;
			files = (
				CEC852EE2870485700BD93AC /* RegistrationAndLoginView.swift in Sources */,
				CE6CE4B3286C7A40006C6DBD /* LaunchingView.swift in Sources */,
				CE6CE4B1286C7A40006C6DBD /* withApp.swift in Sources */,
				CEC852F62871734900BD93AC /* UrlWebView.swift in Sources */,
			);
			runOnlyForDeploymentPostprocessing = 0;
		};
/* End PBXSourcesBuildPhase section */

/* Begin XCBuildConfiguration section */
		CE6CE4B9286C7A42006C6DBD /* Debug */ = {
			isa = XCBuildConfiguration;
			buildSettings = {
				ALWAYS_SEARCH_USER_PATHS = NO;
				CLANG_ANALYZER_NONNULL = YES;
				CLANG_ANALYZER_NUMBER_OBJECT_CONVERSION = YES_AGGRESSIVE;
				CLANG_CXX_LANGUAGE_STANDARD = "gnu++17";
				CLANG_CXX_LIBRARY = "libc++";
				CLANG_ENABLE_MODULES = YES;
				CLANG_ENABLE_OBJC_ARC = YES;
				CLANG_ENABLE_OBJC_WEAK = YES;
				CLANG_WARN_BLOCK_CAPTURE_AUTORELEASING = YES;
				CLANG_WARN_BOOL_CONVERSION = YES;
				CLANG_WARN_COMMA = YES;
				CLANG_WARN_CONSTANT_CONVERSION = YES;
				CLANG_WARN_DEPRECATED_OBJC_IMPLEMENTATIONS = YES;
				CLANG_WARN_DIRECT_OBJC_ISA_USAGE = YES_ERROR;
				CLANG_WARN_DOCUMENTATION_COMMENTS = YES;
				CLANG_WARN_EMPTY_BODY = YES;
				CLANG_WARN_ENUM_CONVERSION = YES;
				CLANG_WARN_INFINITE_RECURSION = YES;
				CLANG_WARN_INT_CONVERSION = YES;
				CLANG_WARN_NON_LITERAL_NULL_CONVERSION = YES;
				CLANG_WARN_OBJC_IMPLICIT_RETAIN_SELF = YES;
				CLANG_WARN_OBJC_LITERAL_CONVERSION = YES;
				CLANG_WARN_OBJC_ROOT_CLASS = YES_ERROR;
				CLANG_WARN_QUOTED_INCLUDE_IN_FRAMEWORK_HEADER = YES;
				CLANG_WARN_RANGE_LOOP_ANALYSIS = YES;
				CLANG_WARN_STRICT_PROTOTYPES = YES;
				CLANG_WARN_SUSPICIOUS_MOVE = YES;
				CLANG_WARN_UNGUARDED_AVAILABILITY = YES_AGGRESSIVE;
				CLANG_WARN_UNREACHABLE_CODE = YES;
				CLANG_WARN__DUPLICATE_METHOD_MATCH = YES;
				COPY_PHASE_STRIP = NO;
				DEBUG_INFORMATION_FORMAT = dwarf;
				ENABLE_STRICT_OBJC_MSGSEND = YES;
				ENABLE_TESTABILITY = YES;
				GCC_C_LANGUAGE_STANDARD = gnu11;
				GCC_DYNAMIC_NO_PIC = NO;
				GCC_NO_COMMON_BLOCKS = YES;
				GCC_OPTIMIZATION_LEVEL = 0;
				GCC_PREPROCESSOR_DEFINITIONS = (
					"DEBUG=1",
					"$(inherited)",
				);
				GCC_WARN_64_TO_32_BIT_CONVERSION = YES;
				GCC_WARN_ABOUT_RETURN_TYPE = YES_ERROR;
				GCC_WARN_UNDECLARED_SELECTOR = YES;
				GCC_WARN_UNINITIALIZED_AUTOS = YES_AGGRESSIVE;
				GCC_WARN_UNUSED_FUNCTION = YES;
				GCC_WARN_UNUSED_VARIABLE = YES;
				IPHONEOS_DEPLOYMENT_TARGET = 15.2;
				MTL_ENABLE_DEBUG_INFO = INCLUDE_SOURCE;
				MTL_FAST_MATH = YES;
				ONLY_ACTIVE_ARCH = YES;
				SDKROOT = iphoneos;
				SWIFT_ACTIVE_COMPILATION_CONDITIONS = DEBUG;
				SWIFT_OPTIMIZATION_LEVEL = "-Onone";
			};
			name = Debug;
		};
		CE6CE4BA286C7A42006C6DBD /* Release */ = {
			isa = XCBuildConfiguration;
			buildSettings = {
				ALWAYS_SEARCH_USER_PATHS = NO;
				CLANG_ANALYZER_NONNULL = YES;
				CLANG_ANALYZER_NUMBER_OBJECT_CONVERSION = YES_AGGRESSIVE;
				CLANG_CXX_LANGUAGE_STANDARD = "gnu++17";
				CLANG_CXX_LIBRARY = "libc++";
				CLANG_ENABLE_MODULES = YES;
				CLANG_ENABLE_OBJC_ARC = YES;
				CLANG_ENABLE_OBJC_WEAK = YES;
				CLANG_WARN_BLOCK_CAPTURE_AUTORELEASING = YES;
				CLANG_WARN_BOOL_CONVERSION = YES;
				CLANG_WARN_COMMA = YES;
				CLANG_WARN_CONSTANT_CONVERSION = YES;
				CLANG_WARN_DEPRECATED_OBJC_IMPLEMENTATIONS = YES;
				CLANG_WARN_DIRECT_OBJC_ISA_USAGE = YES_ERROR;
				CLANG_WARN_DOCUMENTATION_COMMENTS = YES;
				CLANG_WARN_EMPTY_BODY = YES;
				CLANG_WARN_ENUM_CONVERSION = YES;
				CLANG_WARN_INFINITE_RECURSION = YES;
				CLANG_WARN_INT_CONVERSION = YES;
				CLANG_WARN_NON_LITERAL_NULL_CONVERSION = YES;
				CLANG_WARN_OBJC_IMPLICIT_RETAIN_SELF = YES;
				CLANG_WARN_OBJC_LITERAL_CONVERSION = YES;
				CLANG_WARN_OBJC_ROOT_CLASS = YES_ERROR;
				CLANG_WARN_QUOTED_INCLUDE_IN_FRAMEWORK_HEADER = YES;
				CLANG_WARN_RANGE_LOOP_ANALYSIS = YES;
				CLANG_WARN_STRICT_PROTOTYPES = YES;
				CLANG_WARN_SUSPICIOUS_MOVE = YES;
				CLANG_WARN_UNGUARDED_AVAILABILITY = YES_AGGRESSIVE;
				CLANG_WARN_UNREACHABLE_CODE = YES;
				CLANG_WARN__DUPLICATE_METHOD_MATCH = YES;
				COPY_PHASE_STRIP = NO;
				DEBUG_INFORMATION_FORMAT = "dwarf-with-dsym";
				ENABLE_NS_ASSERTIONS = NO;
				ENABLE_STRICT_OBJC_MSGSEND = YES;
				GCC_C_LANGUAGE_STANDARD = gnu11;
				GCC_NO_COMMON_BLOCKS = YES;
				GCC_WARN_64_TO_32_BIT_CONVERSION = YES;
				GCC_WARN_ABOUT_RETURN_TYPE = YES_ERROR;
				GCC_WARN_UNDECLARED_SELECTOR = YES;
				GCC_WARN_UNINITIALIZED_AUTOS = YES_AGGRESSIVE;
				GCC_WARN_UNUSED_FUNCTION = YES;
				GCC_WARN_UNUSED_VARIABLE = YES;
				IPHONEOS_DEPLOYMENT_TARGET = 15.2;
				MTL_ENABLE_DEBUG_INFO = NO;
				MTL_FAST_MATH = YES;
				SDKROOT = iphoneos;
				SWIFT_COMPILATION_MODE = wholemodule;
				SWIFT_OPTIMIZATION_LEVEL = "-O";
				VALIDATE_PRODUCT = YES;
			};
			name = Release;
		};
		CE6CE4BC286C7A42006C6DBD /* Debug */ = {
			isa = XCBuildConfiguration;
			buildSettings = {
				ASSETCATALOG_COMPILER_APPICON_NAME = AppIcon;
				ASSETCATALOG_COMPILER_GLOBAL_ACCENT_COLOR_NAME = AccentColor;
				CODE_SIGN_STYLE = Automatic;
				CURRENT_PROJECT_VERSION = 1;
				DEVELOPMENT_ASSET_PATHS = "\"with/Preview Content\"";
				DEVELOPMENT_TEAM = 8BG588F6G9;
				ENABLE_PREVIEWS = YES;
				GENERATE_INFOPLIST_FILE = YES;
				INFOPLIST_FILE = with/Info.plist;
				INFOPLIST_KEY_NSUserTrackingUsageDescription = "\"許可していただくと、アプリの新機能やお得なキャンペーンを広告でも適切に受け取ることができます。\"";
				INFOPLIST_KEY_UIApplicationSceneManifest_Generation = YES;
				INFOPLIST_KEY_UIApplicationSupportsIndirectInputEvents = YES;
				INFOPLIST_KEY_UILaunchScreen_Generation = YES;
				INFOPLIST_KEY_UISupportedInterfaceOrientations_iPad = "UIInterfaceOrientationPortrait UIInterfaceOrientationPortraitUpsideDown UIInterfaceOrientationLandscapeLeft UIInterfaceOrientationLandscapeRight";
				INFOPLIST_KEY_UISupportedInterfaceOrientations_iPhone = "UIInterfaceOrientationPortrait UIInterfaceOrientationLandscapeLeft UIInterfaceOrientationLandscapeRight";
				LD_RUNPATH_SEARCH_PATHS = (
					"$(inherited)",
					"@executable_path/Frameworks",
				);
				MARKETING_VERSION = 1.0;
				PRODUCT_BUNDLE_IDENTIFIER = nobuo.with;
				PRODUCT_NAME = "$(TARGET_NAME)";
				SWIFT_EMIT_LOC_STRINGS = YES;
				SWIFT_VERSION = 5.0;
				TARGETED_DEVICE_FAMILY = "1,2";
			};
			name = Debug;
		};
		CE6CE4BD286C7A42006C6DBD /* Release */ = {
			isa = XCBuildConfiguration;
			buildSettings = {
				ASSETCATALOG_COMPILER_APPICON_NAME = AppIcon;
				ASSETCATALOG_COMPILER_GLOBAL_ACCENT_COLOR_NAME = AccentColor;
				CODE_SIGN_STYLE = Automatic;
				CURRENT_PROJECT_VERSION = 1;
				DEVELOPMENT_ASSET_PATHS = "\"with/Preview Content\"";
				DEVELOPMENT_TEAM = 8BG588F6G9;
				ENABLE_PREVIEWS = YES;
				GENERATE_INFOPLIST_FILE = YES;
				INFOPLIST_FILE = with/Info.plist;
				INFOPLIST_KEY_NSUserTrackingUsageDescription = "\"許可していただくと、アプリの新機能やお得なキャンペーンを広告でも適切に受け取ることができます。\"";
				INFOPLIST_KEY_UIApplicationSceneManifest_Generation = YES;
				INFOPLIST_KEY_UIApplicationSupportsIndirectInputEvents = YES;
				INFOPLIST_KEY_UILaunchScreen_Generation = YES;
				INFOPLIST_KEY_UISupportedInterfaceOrientations_iPad = "UIInterfaceOrientationPortrait UIInterfaceOrientationPortraitUpsideDown UIInterfaceOrientationLandscapeLeft UIInterfaceOrientationLandscapeRight";
				INFOPLIST_KEY_UISupportedInterfaceOrientations_iPhone = "UIInterfaceOrientationPortrait UIInterfaceOrientationLandscapeLeft UIInterfaceOrientationLandscapeRight";
				LD_RUNPATH_SEARCH_PATHS = (
					"$(inherited)",
					"@executable_path/Frameworks",
				);
				MARKETING_VERSION = 1.0;
				PRODUCT_BUNDLE_IDENTIFIER = nobuo.with;
				PRODUCT_NAME = "$(TARGET_NAME)";
				SWIFT_EMIT_LOC_STRINGS = YES;
				SWIFT_VERSION = 5.0;
				TARGETED_DEVICE_FAMILY = "1,2";
			};
			name = Release;
		};
/* End XCBuildConfiguration section */

/* Begin XCConfigurationList section */
		CE6CE4A8286C7A3F006C6DBD /* Build configuration list for PBXProject "with" */ = {
			isa = XCConfigurationList;
			buildConfigurations = (
				CE6CE4B9286C7A42006C6DBD /* Debug */,
				CE6CE4BA286C7A42006C6DBD /* Release */,
			);
			defaultConfigurationIsVisible = 0;
			defaultConfigurationName = Release;
		};
		CE6CE4BB286C7A42006C6DBD /* Build configuration list for PBXNativeTarget "with" */ = {
			isa = XCConfigurationList;
			buildConfigurations = (
				CE6CE4BC286C7A42006C6DBD /* Debug */,
				CE6CE4BD286C7A42006C6DBD /* Release */,
			);
			defaultConfigurationIsVisible = 0;
			defaultConfigurationName = Release;
		};
/* End XCConfigurationList section */
	};
	rootObject = CE6CE4A5286C7A3F006C6DBD /* Project object */;
}
